
Microsoft Visual Studio Solution File, Format Version 12.00
# Visual Studio Version 17
VisualStudioVersion = 17.14.36408.4 d17.14
MinimumVisualStudioVersion = 10.0.40219.1
Project("{FAE04EC0-301F-11D3-BF4B-00C04F79EFBC}") = "ThreadJoiningE", "ThreadJoiningE\ThreadJoiningE.csproj", "{A566E332-6C95-43FD-B020-6EF3F999B295}"
EndProject
Global
	GlobalSection(SolutionConfigurationPlatforms) = preSolution
		Debug|Any CPU = Debug|Any CPU
		Release|Any CPU = Release|Any CPU
	EndGlobalSection
	GlobalSection(ProjectConfigurationPlatforms) = postSolution
		{A566E332-6C95-43FD-B020-6EF3F999B295}.Debug|Any CPU.ActiveCfg = Debug|Any CPU
		{A566E332-6C95-43FD-B020-6EF3F999B295}.Debug|Any CPU.Build.0 = Debug|Any CPU
		{A566E332-6C95-43FD-B020-6EF3F999B295}.Release|Any CPU.ActiveCfg = Release|Any CPU
		{A566E332-6C95-43FD-B020-6EF3F999B295}.Release|Any CPU.Build.0 = Release|Any CPU
	EndGlobalSection
	GlobalSection(SolutionProperties) = preSolution
		HideSolutionNode = FALSE
	EndGlobalSection
	GlobalSection(ExtensibilityGlobals) = postSolution
		SolutionGuid = {8F74BBB6-7E32-4C8B-869C-0067D0551E6A}
	EndGlobalSection
EndGlobal
