
Microsoft Visual Studio Solution File, Format Version 12.00
# Visual Studio Version 17
VisualStudioVersion = 17.14.36408.4 d17.14
MinimumVisualStudioVersion = 10.0.40219.1
Project("{FAE04EC0-301F-11D3-BF4B-00C04F79EFBC}") = "DateTimeT", "DateTimeT\DateTimeT.csproj", "{5CE96A67-39F0-4508-9D29-D7E8E0B624CB}"
EndProject
Global
	GlobalSection(SolutionConfigurationPlatforms) = preSolution
		Debug|Any CPU = Debug|Any CPU
		Release|Any CPU = Release|Any CPU
	EndGlobalSection
	GlobalSection(ProjectConfigurationPlatforms) = postSolution
		{5CE96A67-39F0-4508-9D29-D7E8E0B624CB}.Debug|Any CPU.ActiveCfg = Debug|Any CPU
		{5CE96A67-39F0-4508-9D29-D7E8E0B624CB}.Debug|Any CPU.Build.0 = Debug|Any CPU
		{5CE96A67-39F0-4508-9D29-D7E8E0B624CB}.Release|Any CPU.ActiveCfg = Release|Any CPU
		{5CE96A67-39F0-4508-9D29-D7E8E0B624CB}.Release|Any CPU.Build.0 = Release|Any CPU
	EndGlobalSection
	GlobalSection(SolutionProperties) = preSolution
		HideSolutionNode = FALSE
	EndGlobalSection
	GlobalSection(ExtensibilityGlobals) = postSolution
		SolutionGuid = {99DED696-AD50-48D0-B7FC-B5F89E1865EE}
	EndGlobalSection
EndGlobal
