
Microsoft Visual Studio Solution File, Format Version 12.00
# Visual Studio Version 17
VisualStudioVersion = 17.14.36127.28 d17.14
MinimumVisualStudioVersion = 10.0.40219.1
Project("{FAE04EC0-301F-11D3-BF4B-00C04F79EFBC}") = "Loops", "ForLoops\Loops.csproj", "{ED757924-79C4-4FE2-9E53-8596943066FA}"
EndProject
Global
	GlobalSection(SolutionConfigurationPlatforms) = preSolution
		Debug|Any CPU = Debug|Any CPU
		Release|Any CPU = Release|Any CPU
	EndGlobalSection
	GlobalSection(ProjectConfigurationPlatforms) = postSolution
		{ED757924-79C4-4FE2-9E53-8596943066FA}.Debug|Any CPU.ActiveCfg = Debug|Any CPU
		{ED757924-79C4-4FE2-9E53-8596943066FA}.Debug|Any CPU.Build.0 = Debug|Any CPU
		{ED757924-79C4-4FE2-9E53-8596943066FA}.Release|Any CPU.ActiveCfg = Release|Any CPU
		{ED757924-79C4-4FE2-9E53-8596943066FA}.Release|Any CPU.Build.0 = Release|Any CPU
	EndGlobalSection
	GlobalSection(SolutionProperties) = preSolution
		HideSolutionNode = FALSE
	EndGlobalSection
	GlobalSection(ExtensibilityGlobals) = postSolution
		SolutionGuid = {9CCD6E22-452C-4175-8905-FE6D2D5FAEE0}
	EndGlobalSection
EndGlobal
