
Microsoft Visual Studio Solution File, Format Version 12.00
# Visual Studio Version 17
VisualStudioVersion = 17.13.35825.156 d17.13
MinimumVisualStudioVersion = 10.0.40219.1
Project("{C9674DCB-5085-4A16-B785-4C70DD1589BD}") = "Activity2", "Activity2\Activity2.dtproj", "{CABD13AF-2849-749C-C23D-02FD17CF60BE}"
EndProject
Global
	GlobalSection(SolutionConfigurationPlatforms) = preSolution
		Development|Default = Development|Default
	EndGlobalSection
	GlobalSection(ProjectConfigurationPlatforms) = postSolution
		{CABD13AF-2849-749C-C23D-02FD17CF60BE}.Development|Default.ActiveCfg = Development
		{CABD13AF-2849-749C-C23D-02FD17CF60BE}.Development|Default.Build.0 = Development
	EndGlobalSection
	GlobalSection(SolutionProperties) = preSolution
		HideSolutionNode = FALSE
	EndGlobalSection
	GlobalSection(ExtensibilityGlobals) = postSolution
		SolutionGuid = {9ABC4B17-75E0-4313-A02F-8E59B7E89CD9}
	EndGlobalSection
EndGlobal
