
Microsoft Visual Studio Solution File, Format Version 12.00
# Visual Studio Version 17
VisualStudioVersion = 17.14.36408.4 d17.14
MinimumVisualStudioVersion = 10.0.40219.1
Project("{FAE04EC0-301F-11D3-BF4B-00C04F79EFBC}") = "ThreadingE", "ThreadingE\ThreadingE.csproj", "{840AFD84-5969-4F85-82B6-9C48948088EE}"
EndProject
Global
	GlobalSection(SolutionConfigurationPlatforms) = preSolution
		Debug|Any CPU = Debug|Any CPU
		Release|Any CPU = Release|Any CPU
	EndGlobalSection
	GlobalSection(ProjectConfigurationPlatforms) = postSolution
		{840AFD84-5969-4F85-82B6-9C48948088EE}.Debug|Any CPU.ActiveCfg = Debug|Any CPU
		{840AFD84-5969-4F85-82B6-9C48948088EE}.Debug|Any CPU.Build.0 = Debug|Any CPU
		{840AFD84-5969-4F85-82B6-9C48948088EE}.Release|Any CPU.ActiveCfg = Release|Any CPU
		{840AFD84-5969-4F85-82B6-9C48948088EE}.Release|Any CPU.Build.0 = Release|Any CPU
	EndGlobalSection
	GlobalSection(SolutionProperties) = preSolution
		HideSolutionNode = FALSE
	EndGlobalSection
	GlobalSection(ExtensibilityGlobals) = postSolution
		SolutionGuid = {C919F431-DE50-4FF9-91A2-5445E207A0FB}
	EndGlobalSection
EndGlobal
