
Microsoft Visual Studio Solution File, Format Version 12.00
# Visual Studio Version 17
VisualStudioVersion = 17.14.36408.4 d17.14
MinimumVisualStudioVersion = 10.0.40219.1
Project("{FAE04EC0-301F-11D3-BF4B-00C04F79EFBC}") = "InterfacesApp", "InterfacesApp\InterfacesApp.csproj", "{F7BA44EB-A0E2-4DA6-87D8-A0382504D607}"
EndProject
Global
	GlobalSection(SolutionConfigurationPlatforms) = preSolution
		Debug|Any CPU = Debug|Any CPU
		Release|Any CPU = Release|Any CPU
	EndGlobalSection
	GlobalSection(ProjectConfigurationPlatforms) = postSolution
		{F7BA44EB-A0E2-4DA6-87D8-A0382504D607}.Debug|Any CPU.ActiveCfg = Debug|Any CPU
		{F7BA44EB-A0E2-4DA6-87D8-A0382504D607}.Debug|Any CPU.Build.0 = Debug|Any CPU
		{F7BA44EB-A0E2-4DA6-87D8-A0382504D607}.Release|Any CPU.ActiveCfg = Release|Any CPU
		{F7BA44EB-A0E2-4DA6-87D8-A0382504D607}.Release|Any CPU.Build.0 = Release|Any CPU
	EndGlobalSection
	GlobalSection(SolutionProperties) = preSolution
		HideSolutionNode = FALSE
	EndGlobalSection
	GlobalSection(ExtensibilityGlobals) = postSolution
		SolutionGuid = {CF3A345C-4D6F-4ABE-A228-0BE774F68676}
	EndGlobalSection
EndGlobal
