
Microsoft Visual Studio Solution File, Format Version 12.00
# Visual Studio Version 17
VisualStudioVersion = 17.14.36127.28 d17.14
MinimumVisualStudioVersion = 10.0.40219.1
Project("{FAE04EC0-301F-11D3-BF4B-00C04F79EFBC}") = "QuizApp", "QuizApp\QuizApp.csproj", "{892600FB-1580-435A-BDA3-9BE907E37090}"
EndProject
Global
	GlobalSection(SolutionConfigurationPlatforms) = preSolution
		Debug|Any CPU = Debug|Any CPU
		Release|Any CPU = Release|Any CPU
	EndGlobalSection
	GlobalSection(ProjectConfigurationPlatforms) = postSolution
		{892600FB-1580-435A-BDA3-9BE907E37090}.Debug|Any CPU.ActiveCfg = Debug|Any CPU
		{892600FB-1580-435A-BDA3-9BE907E37090}.Debug|Any CPU.Build.0 = Debug|Any CPU
		{892600FB-1580-435A-BDA3-9BE907E37090}.Release|Any CPU.ActiveCfg = Release|Any CPU
		{892600FB-1580-435A-BDA3-9BE907E37090}.Release|Any CPU.Build.0 = Release|Any CPU
	EndGlobalSection
	GlobalSection(SolutionProperties) = preSolution
		HideSolutionNode = FALSE
	EndGlobalSection
	GlobalSection(ExtensibilityGlobals) = postSolution
		SolutionGuid = {56D47077-07DB-4A3C-8CB2-AED2B8C58F33}
	EndGlobalSection
EndGlobal
