
Microsoft Visual Studio Solution File, Format Version 12.00
# Visual Studio Version 17
VisualStudioVersion = 17.14.36408.4 d17.14
MinimumVisualStudioVersion = 10.0.40219.1
Project("{FAE04EC0-301F-11D3-BF4B-00C04F79EFBC}") = "TDDCalculator", "TDDCalculator\TDDCalculator.csproj", "{21C699C4-4472-4E0B-843D-488D0D9E243D}"
EndProject
Project("{FAE04EC0-301F-11D3-BF4B-00C04F79EFBC}") = "Domain", "Domain\Domain.csproj", "{5B284FE2-8AB2-4E64-8C00-D8237C33BEC3}"
EndProject
Project("{FAE04EC0-301F-11D3-BF4B-00C04F79EFBC}") = "Web", "Web\Web.csproj", "{AC4BB78A-970A-4C4D-9DC0-AAC9480BF5A9}"
EndProject
Global
	GlobalSection(SolutionConfigurationPlatforms) = preSolution
		Debug|Any CPU = Debug|Any CPU
		Release|Any CPU = Release|Any CPU
	EndGlobalSection
	GlobalSection(ProjectConfigurationPlatforms) = postSolution
		{21C699C4-4472-4E0B-843D-488D0D9E243D}.Debug|Any CPU.ActiveCfg = Debug|Any CPU
		{21C699C4-4472-4E0B-843D-488D0D9E243D}.Debug|Any CPU.Build.0 = Debug|Any CPU
		{21C699C4-4472-4E0B-843D-488D0D9E243D}.Release|Any CPU.ActiveCfg = Release|Any CPU
		{21C699C4-4472-4E0B-843D-488D0D9E243D}.Release|Any CPU.Build.0 = Release|Any CPU
		{5B284FE2-8AB2-4E64-8C00-D8237C33BEC3}.Debug|Any CPU.ActiveCfg = Debug|Any CPU
		{5B284FE2-8AB2-4E64-8C00-D8237C33BEC3}.Debug|Any CPU.Build.0 = Debug|Any CPU
		{5B284FE2-8AB2-4E64-8C00-D8237C33BEC3}.Release|Any CPU.ActiveCfg = Release|Any CPU
		{5B284FE2-8AB2-4E64-8C00-D8237C33BEC3}.Release|Any CPU.Build.0 = Release|Any CPU
		{AC4BB78A-970A-4C4D-9DC0-AAC9480BF5A9}.Debug|Any CPU.ActiveCfg = Debug|Any CPU
		{AC4BB78A-970A-4C4D-9DC0-AAC9480BF5A9}.Debug|Any CPU.Build.0 = Debug|Any CPU
		{AC4BB78A-970A-4C4D-9DC0-AAC9480BF5A9}.Release|Any CPU.ActiveCfg = Release|Any CPU
		{AC4BB78A-970A-4C4D-9DC0-AAC9480BF5A9}.Release|Any CPU.Build.0 = Release|Any CPU
	EndGlobalSection
	GlobalSection(SolutionProperties) = preSolution
		HideSolutionNode = FALSE
	EndGlobalSection
	GlobalSection(ExtensibilityGlobals) = postSolution
		SolutionGuid = {F573DF9A-F1EB-4E63-9845-27B69253DAFA}
	EndGlobalSection
EndGlobal
