
Microsoft Visual Studio Solution File, Format Version 12.00
# Visual Studio Version 17
VisualStudioVersion = 17.14.36127.28 d17.14
MinimumVisualStudioVersion = 10.0.40219.1
Project("{FAE04EC0-301F-11D3-BF4B-00C04F79EFBC}") = "Lists", "Lists\Lists.csproj", "{05F61000-083E-4448-9AC1-41D12F6A892C}"
EndProject
Global
	GlobalSection(SolutionConfigurationPlatforms) = preSolution
		Debug|Any CPU = Debug|Any CPU
		Release|Any CPU = Release|Any CPU
	EndGlobalSection
	GlobalSection(ProjectConfigurationPlatforms) = postSolution
		{05F61000-083E-4448-9AC1-41D12F6A892C}.Debug|Any CPU.ActiveCfg = Debug|Any CPU
		{05F61000-083E-4448-9AC1-41D12F6A892C}.Debug|Any CPU.Build.0 = Debug|Any CPU
		{05F61000-083E-4448-9AC1-41D12F6A892C}.Release|Any CPU.ActiveCfg = Release|Any CPU
		{05F61000-083E-4448-9AC1-41D12F6A892C}.Release|Any CPU.Build.0 = Release|Any CPU
	EndGlobalSection
	GlobalSection(SolutionProperties) = preSolution
		HideSolutionNode = FALSE
	EndGlobalSection
	GlobalSection(ExtensibilityGlobals) = postSolution
		SolutionGuid = {F4E1A5E3-F726-4D5E-9D11-9232B5640D45}
	EndGlobalSection
EndGlobal
