
Microsoft Visual Studio Solution File, Format Version 12.00
# Visual Studio Version 17
VisualStudioVersion = 17.14.36127.28 d17.14
MinimumVisualStudioVersion = 10.0.40219.1
Project("{C9674DCB-5085-4A16-B785-4C70DD1589BD}") = "SSISProjectTrial", "SSISProjectTrial\SSISProjectTrial.dtproj", "{673505D3-7587-848B-F318-94C19D2BB6E5}"
EndProject
Global
	GlobalSection(SolutionConfigurationPlatforms) = preSolution
		Development|Default = Development|Default
	EndGlobalSection
	GlobalSection(ProjectConfigurationPlatforms) = postSolution
		{673505D3-7587-848B-F318-94C19D2BB6E5}.Development|Default.ActiveCfg = Development
		{673505D3-7587-848B-F318-94C19D2BB6E5}.Development|Default.Build.0 = Development
	EndGlobalSection
	GlobalSection(SolutionProperties) = preSolution
		HideSolutionNode = FALSE
	EndGlobalSection
	GlobalSection(ExtensibilityGlobals) = postSolution
		SolutionGuid = {FBD60646-BD6D-48E1-BA37-8603613FB8E3}
	EndGlobalSection
EndGlobal
