
Microsoft Visual Studio Solution File, Format Version 12.00
# Visual Studio Version 17
VisualStudioVersion = 17.13.35825.156 d17.13
MinimumVisualStudioVersion = 10.0.40219.1
Project("{F14B399A-7131-4C87-9E4B-1186C45EF12D}") = "SSRS Project", "SSRS Project\SSRS Project.rptproj", "{4B377535-C142-C794-212D-3CF1B62B79A7}"
EndProject
Global
	GlobalSection(SolutionConfigurationPlatforms) = preSolution
		Debug|Default = Debug|Default
		DebugLocal|Default = DebugLocal|Default
		Release|Default = Release|Default
	EndGlobalSection
	GlobalSection(ProjectConfigurationPlatforms) = postSolution
		{4B377535-C142-C794-212D-3CF1B62B79A7}.Debug|Default.ActiveCfg = Debug
		{4B377535-C142-C794-212D-3CF1B62B79A7}.Debug|Default.Build.0 = Debug
		{4B377535-C142-C794-212D-3CF1B62B79A7}.Debug|Default.Deploy.0 = Debug
		{4B377535-C142-C794-212D-3CF1B62B79A7}.DebugLocal|Default.ActiveCfg = DebugLocal
		{4B377535-C142-C794-212D-3CF1B62B79A7}.DebugLocal|Default.Build.0 = DebugLocal
		{4B377535-C142-C794-212D-3CF1B62B79A7}.Release|Default.ActiveCfg = Release
		{4B377535-C142-C794-212D-3CF1B62B79A7}.Release|Default.Build.0 = Release
		{4B377535-C142-C794-212D-3CF1B62B79A7}.Release|Default.Deploy.0 = Release
	EndGlobalSection
	GlobalSection(SolutionProperties) = preSolution
		HideSolutionNode = FALSE
	EndGlobalSection
	GlobalSection(ExtensibilityGlobals) = postSolution
		SolutionGuid = {275F8902-FA8A-461C-908B-D7652DDDCE1A}
	EndGlobalSection
EndGlobal
