
Microsoft Visual Studio Solution File, Format Version 12.00
# Visual Studio Version 17
VisualStudioVersion = 17.13.35825.156 d17.13
MinimumVisualStudioVersion = 10.0.40219.1
Project("{C9674DCB-5085-4A16-B785-4C70DD1589BD}") = "Activity1", "Activity1\Activity1.dtproj", "{176D3438-B3AA-0D1E-B69E-D4CF0E397A15}"
EndProject
Global
	GlobalSection(SolutionConfigurationPlatforms) = preSolution
		Development|Default = Development|Default
	EndGlobalSection
	GlobalSection(ProjectConfigurationPlatforms) = postSolution
		{176D3438-B3AA-0D1E-B69E-D4CF0E397A15}.Development|Default.ActiveCfg = Development
		{176D3438-B3AA-0D1E-B69E-D4CF0E397A15}.Development|Default.Build.0 = Development
	EndGlobalSection
	GlobalSection(SolutionProperties) = preSolution
		HideSolutionNode = FALSE
	EndGlobalSection
	GlobalSection(ExtensibilityGlobals) = postSolution
		SolutionGuid = {73D22AC8-9640-4167-80BE-D89D95EDF7EE}
	EndGlobalSection
EndGlobal
